
Microsoft Visual Studio Solution File, Format Version 12.00
# Visual Studio Version 16
VisualStudioVersion = 16.0.32228.343
MinimumVisualStudioVersion = 10.0.40219.1
Project("{FAE04EC0-301F-11D3-BF4B-00C04F79EFBC}") = "Read text file by url", "Read text file by url\Read text file by url.csproj", "{AE4D0A62-47A4-4CC3-A277-CE776B9F2FEB}"
EndProject
Global
	GlobalSection(SolutionConfigurationPlatforms) = preSolution
		Debug|Any CPU = Debug|Any CPU
		Release|Any CPU = Release|Any CPU
	EndGlobalSection
	GlobalSection(ProjectConfigurationPlatforms) = postSolution
		{AE4D0A62-47A4-4CC3-A277-CE776B9F2FEB}.Debug|Any CPU.ActiveCfg = Debug|Any CPU
		{AE4D0A62-47A4-4CC3-A277-CE776B9F2FEB}.Debug|Any CPU.Build.0 = Debug|Any CPU
		{AE4D0A62-47A4-4CC3-A277-CE776B9F2FEB}.Release|Any CPU.ActiveCfg = Release|Any CPU
		{AE4D0A62-47A4-4CC3-A277-CE776B9F2FEB}.Release|Any CPU.Build.0 = Release|Any CPU
	EndGlobalSection
	GlobalSection(SolutionProperties) = preSolution
		HideSolutionNode = FALSE
	EndGlobalSection
	GlobalSection(ExtensibilityGlobals) = postSolution
		SolutionGuid = {5F590F89-3CEF-4350-A635-FE8A554F82C3}
	EndGlobalSection
EndGlobal
